<?xml version="1.0" encoding="utf-8"?>
<Project ToolsVersion="4.0" xmlns="http://schemas.microsoft.com/developer/msbuild/2003">
  <ItemGroup>
    <Filter Include="Source Files">
      <UniqueIdentifier>{4FC737F1-C7A5-4376-A066-2A32D752A2FF}</UniqueIdentifier>
      <Extensions>cpp;c;cc;cxx;def;odl;idl;hpj;bat;asm;asmx</Extensions>
    </Filter>
    <Filter Include="Header Files">
      <UniqueIdentifier>{93995380-89BD-4b04-88EB-625FBE52EBFB}</UniqueIdentifier>
      <Extensions>h;hh;hpp;hxx;hm;inl;inc;xsd</Extensions>
    </Filter>
    <Filter Include="Lua">
      <UniqueIdentifier>{5febcf18-d6cc-4b27-817d-7035732d4ab8}</UniqueIdentifier>
    </Filter>
    <Filter Include="LuaTimer">
      <UniqueIdentifier>{d98a3149-6aa6-4d49-bf4c-187f4aedd10e}</UniqueIdentifier>
    </Filter>
    <Filter Include="LuaTimer\Header Files">
      <UniqueIdentifier>{0a878b2a-3981-4293-853a-3972480f9661}</UniqueIdentifier>
    </Filter>
    <Filter Include="LuaTimer\Source Files">
      <UniqueIdentifier>{b7e01c90-68a1-422f-8bc8-cd81c54dbd1f}</UniqueIdentifier>
    </Filter>
    <Filter Include="LuaMySQL">
      <UniqueIdentifier>{aee4f7e1-7786-40ab-b8ef-64b33522e904}</UniqueIdentifier>
    </Filter>
    <Filter Include="LuaMySQL\Header Files">
      <UniqueIdentifier>{c60550ae-8d6f-4109-ab0f-da4bc2b38292}</UniqueIdentifier>
    </Filter>
    <Filter Include="LuaMySQL\Source Files">
      <UniqueIdentifier>{d6cd8c0e-eb92-488c-ae6b-762a3b679fff}</UniqueIdentifier>
    </Filter>
    <Filter Include="LuaFileSystem">
      <UniqueIdentifier>{a49d0837-6489-4fe3-8038-3d45fa8a4809}</UniqueIdentifier>
    </Filter>
    <Filter Include="LuaFileSystem\Header Files">
      <UniqueIdentifier>{80800d5c-4a41-47fe-8b95-334b50b8abaf}</UniqueIdentifier>
    </Filter>
    <Filter Include="LuaFileSystem\Source Files">
      <UniqueIdentifier>{04281dea-b37e-4d69-8696-01394c09ead3}</UniqueIdentifier>
    </Filter>
    <Filter Include="LuaSQLite">
      <UniqueIdentifier>{837f942e-0bb1-4632-809f-99d95b023ac1}</UniqueIdentifier>
    </Filter>
    <Filter Include="LuaSQLite\Header Files">
      <UniqueIdentifier>{cb7f6976-b9b9-4f6f-934e-6aed1c877388}</UniqueIdentifier>
    </Filter>
    <Filter Include="LuaSQLite\Source Files">
      <UniqueIdentifier>{a4ce2ed5-5512-49e7-875d-28cc80fa3375}</UniqueIdentifier>
    </Filter>
    <Filter Include="LuaMD5">
      <UniqueIdentifier>{f3664418-ac63-4aaa-87cc-3d0da3ad7fb6}</UniqueIdentifier>
    </Filter>
    <Filter Include="LuaMD5\Header Files">
      <UniqueIdentifier>{7a1e04f4-2838-4487-9e6f-f0de28216ed1}</UniqueIdentifier>
    </Filter>
    <Filter Include="LuaMD5\Source Files">
      <UniqueIdentifier>{7703a69d-d192-4f3a-8d11-e570dcac0244}</UniqueIdentifier>
    </Filter>
    <Filter Include="LuaHTTP">
      <UniqueIdentifier>{d8689614-2c91-446a-b9ae-beff28b906aa}</UniqueIdentifier>
    </Filter>
    <Filter Include="LuaHTTP\Header Files">
      <UniqueIdentifier>{523b5adb-1ebe-4985-816e-dbb8492b2042}</UniqueIdentifier>
    </Filter>
    <Filter Include="LuaHTTP\Source Files">
      <UniqueIdentifier>{6afb50f5-e833-4781-8874-00919cda37b6}</UniqueIdentifier>
    </Filter>
    <Filter Include="LuaProcess">
      <UniqueIdentifier>{f6adc465-8171-47eb-87c7-382605644e94}</UniqueIdentifier>
    </Filter>
    <Filter Include="LuaProcess\Header Files">
      <UniqueIdentifier>{fe4ee218-9906-4aba-88cf-dcbcbfaf1450}</UniqueIdentifier>
    </Filter>
    <Filter Include="LuaProcess\Source Files">
      <UniqueIdentifier>{5fe20aa0-5a64-41b4-bb03-48dc2862c9ca}</UniqueIdentifier>
    </Filter>
    <Filter Include="Util">
      <UniqueIdentifier>{4c3c8bdb-38d8-4af7-b632-e2a1a5a1a63e}</UniqueIdentifier>
    </Filter>
    <Filter Include="LuaStream">
      <UniqueIdentifier>{434db58b-05c4-45f3-acd1-f35be75015db}</UniqueIdentifier>
    </Filter>
    <Filter Include="LuaStream\Header Files">
      <UniqueIdentifier>{8f795216-a0dc-4ed3-b84a-992467e47584}</UniqueIdentifier>
    </Filter>
    <Filter Include="LuaStream\Source Files">
      <UniqueIdentifier>{8fb4bfcd-53c0-4139-8dcd-d2882af0022e}</UniqueIdentifier>
    </Filter>
    <Filter Include="LuaKafka">
      <UniqueIdentifier>{e4f30f39-2b06-4efd-b027-6e6db5fd5b77}</UniqueIdentifier>
    </Filter>
    <Filter Include="LuaKafka\Header Files">
      <UniqueIdentifier>{46790a7b-a8c1-4210-8051-67fa93878bd9}</UniqueIdentifier>
    </Filter>
    <Filter Include="LuaKafka\Source Files">
      <UniqueIdentifier>{5c92bced-32c7-43b7-82fb-7696a67caa66}</UniqueIdentifier>
    </Filter>
    <Filter Include="LuaSha256">
      <UniqueIdentifier>{ad164aa8-3198-4dd1-ba35-24d36bc3fd04}</UniqueIdentifier>
    </Filter>
    <Filter Include="LuaSha256\Header Files">
      <UniqueIdentifier>{d4801336-e960-4b6f-a717-cfa6f8ccd9dd}</UniqueIdentifier>
    </Filter>
    <Filter Include="LuaSha256\Source Files">
      <UniqueIdentifier>{7dc9be02-68f4-40a2-896f-901111ca3ef5}</UniqueIdentifier>
    </Filter>
    <Filter Include="LuaMutex">
      <UniqueIdentifier>{a26c0542-2fa2-417b-a2c9-b2f6d91c3d56}</UniqueIdentifier>
    </Filter>
    <Filter Include="LuaMutex\Header Files">
      <UniqueIdentifier>{1c936cb2-405d-43ac-9a0e-a11c47040b2d}</UniqueIdentifier>
    </Filter>
    <Filter Include="LuaMutex\Source Files">
      <UniqueIdentifier>{ef32238b-5c8a-4fb3-837a-6f73bcd4b940}</UniqueIdentifier>
    </Filter>
    <Filter Include="LuaAes">
      <UniqueIdentifier>{c55ac30a-9963-4256-9547-c249498971d7}</UniqueIdentifier>
    </Filter>
    <Filter Include="LuaAes\Header Files">
      <UniqueIdentifier>{5bd26ba6-808b-4db3-b806-c02944df4177}</UniqueIdentifier>
    </Filter>
    <Filter Include="LuaAes\Source Files">
      <UniqueIdentifier>{1ce12822-54a0-4b0c-bf56-cd9af209de40}</UniqueIdentifier>
    </Filter>
    <Filter Include="LuaJson">
      <UniqueIdentifier>{611eb294-916b-41c5-99ad-eab83925a47b}</UniqueIdentifier>
    </Filter>
    <Filter Include="LuaJson\Header Files">
      <UniqueIdentifier>{f2d1fa47-5273-4aba-b73d-da6a9ac725c0}</UniqueIdentifier>
    </Filter>
    <Filter Include="LuaJson\Source Files">
      <UniqueIdentifier>{45c7cffb-cd06-4393-9097-f6824a6eabf4}</UniqueIdentifier>
    </Filter>
    <Filter Include="Memory">
      <UniqueIdentifier>{166ffa6a-027b-4009-a690-066115b36f77}</UniqueIdentifier>
    </Filter>
    <Filter Include="Memory\Header Files">
      <UniqueIdentifier>{4cf98a56-d31c-4193-9aa3-1760930a026d}</UniqueIdentifier>
    </Filter>
    <Filter Include="Memory\Source Files">
      <UniqueIdentifier>{dcefc642-cd9a-4e70-a7ee-cbd7cadcc68e}</UniqueIdentifier>
    </Filter>
    <Filter Include="LuaWchar">
      <UniqueIdentifier>{3cce908f-8005-4bb8-8ea7-41325772c947}</UniqueIdentifier>
    </Filter>
    <Filter Include="LuaWchar\Header Files">
      <UniqueIdentifier>{fdda124e-d4e6-4514-8c44-c1aa1fd1ae3d}</UniqueIdentifier>
    </Filter>
    <Filter Include="LuaWchar\Source Files">
      <UniqueIdentifier>{5152b899-2bcf-47db-bb32-93b6dca0ed23}</UniqueIdentifier>
    </Filter>
    <Filter Include="LuaIdentifier">
      <UniqueIdentifier>{a1b2c3d4-e5f6-7890-abcd-ef1234567890}</UniqueIdentifier>
    </Filter>
    <Filter Include="LuaIdentifier\Header Files">
      <UniqueIdentifier>{b2c3d4e5-f6a7-8901-bcde-f12345678901}</UniqueIdentifier>
    </Filter>
    <Filter Include="LuaIdentifier\Source Files">
      <UniqueIdentifier>{c3d4e5f6-a7b8-9012-cdef-123456789012}</UniqueIdentifier>
    </Filter>
    <Filter Include="LuaDateTime">
      <UniqueIdentifier>{d4e5f6a7-b8c9-0123-def0-1234567890ab}</UniqueIdentifier>
    </Filter>
    <Filter Include="LuaCSV">
      <UniqueIdentifier>{035b992b-c43a-4798-9516-67392a93ebeb}</UniqueIdentifier>
    </Filter>
    <Filter Include="LuaCSV\Header Files">
      <UniqueIdentifier>{8e1bef7b-5a87-41e6-9e64-865a1808af33}</UniqueIdentifier>
    </Filter>
    <Filter Include="LuaCSV\Source Files">
      <UniqueIdentifier>{993c9efe-3750-4dc3-9fb1-21d95b416e9a}</UniqueIdentifier>
    </Filter>
    <Filter Include="Archive">
      <UniqueIdentifier>{35379424-1ef9-403f-b316-0d3ae712448b}</UniqueIdentifier>
    </Filter>
    <Filter Include="Archive\Header Files">
      <UniqueIdentifier>{3da93d8f-6f6d-451f-9399-9f20f935a854}</UniqueIdentifier>
    </Filter>
    <Filter Include="Archive\Source Files">
      <UniqueIdentifier>{d28e2238-1d0d-47af-8487-91b2c49f39ca}</UniqueIdentifier>
    </Filter>
    <Filter Include="LuaRedis">
      <UniqueIdentifier>{2c662f44-4ed7-450c-a511-9a2b90d61b06}</UniqueIdentifier>
    </Filter>
    <Filter Include="LuaRedis\Header Files">
      <UniqueIdentifier>{04b5d665-bc13-4be8-b5ac-c4a34f07573e}</UniqueIdentifier>
    </Filter>
    <Filter Include="LuaRedis\Source Files">
      <UniqueIdentifier>{9203d280-003e-4184-a146-3595ed5b1735}</UniqueIdentifier>
    </Filter>
    <Filter Include="Hiredis">
      <UniqueIdentifier>{676718aa-d0b4-494d-8e46-c5c32376e3ad}</UniqueIdentifier>
    </Filter>
    <Filter Include="LuaSHA1">
      <UniqueIdentifier>{8aec9a9e-65f4-41fd-8ed4-fbdbadf9415b}</UniqueIdentifier>
    </Filter>
    <Filter Include="LuaSHA1\Header Files">
      <UniqueIdentifier>{0c6080ea-bcf9-4408-bf4a-377650a7c5ee}</UniqueIdentifier>
    </Filter>
    <Filter Include="LuaSHA1\Source Files">
      <UniqueIdentifier>{1f0f5f4b-8350-4ae9-9c61-bacfaf063fc4}</UniqueIdentifier>
    </Filter>
    <Filter Include="LuaMongo">
      <UniqueIdentifier>{b1c2d3e4-f5a6-7890-bcde-f01234567890}</UniqueIdentifier>
    </Filter>
    <Filter Include="LuaMongo\Header Files">
      <UniqueIdentifier>{c2d3e4f5-a6b7-8901-cdef-012345678901}</UniqueIdentifier>
    </Filter>
    <Filter Include="LuaMongo\Source Files">
      <UniqueIdentifier>{d3e4f5a6-b7c8-9012-def0-123456789012}</UniqueIdentifier>
    </Filter>
    <Filter Include="LuaPostgres">
      <UniqueIdentifier>{e1a2b3c4-d5e6-7f89-0a1b-2c3d4e5f6a7b}</UniqueIdentifier>
    </Filter>
    <Filter Include="LuaPostgres\Header Files">
      <UniqueIdentifier>{f2b3c4d5-e6f7-8901-2b3c-4d5e6f7a8b9c}</UniqueIdentifier>
    </Filter>
    <Filter Include="LuaPostgres\Source Files">
      <UniqueIdentifier>{a3c4d5e6-f7a8-9012-3c4d-5e6f7a8b9c0d}</UniqueIdentifier>
    </Filter>
    <Filter Include="LuaDateTime\Header Files">
      <UniqueIdentifier>{901c6432-5d3c-4cb5-84e1-3cd353fb5c2c}</UniqueIdentifier>
    </Filter>
    <Filter Include="LuaDateTime\Source Files">
      <UniqueIdentifier>{18d328a4-8456-4b12-bc81-a191e02c8230}</UniqueIdentifier>
    </Filter>
    <Filter Include="LuaDecimal">
      <UniqueIdentifier>{61fa211f-107a-424c-a073-4da09bf930ff}</UniqueIdentifier>
    </Filter>
    <Filter Include="LuaDecimal\Header Files">
      <UniqueIdentifier>{a3c9bee2-99b2-4a94-bdd7-87cbc3e44426}</UniqueIdentifier>
    </Filter>
    <Filter Include="LuaDecimal\Source Files">
      <UniqueIdentifier>{f30c478a-420f-4510-ab5c-38022f94f90b}</UniqueIdentifier>
    </Filter>
    <Filter Include="LuaMsgPack">
      <UniqueIdentifier>{c90a71d3-d90d-4719-8f1b-6c071ecd1eca}</UniqueIdentifier>
    </Filter>
    <Filter Include="LuaMsgPack\Header Files">
      <UniqueIdentifier>{f99d8f96-b150-45aa-90ff-f9be040300f7}</UniqueIdentifier>
    </Filter>
    <Filter Include="LuaMsgPack\Source Files">
      <UniqueIdentifier>{514b926c-ce5a-42d9-b137-faac593a0756}</UniqueIdentifier>
    </Filter>
    <Filter Include="LuaHttpServer">
      <UniqueIdentifier>{4882ca08-7333-41af-a38e-b9831b8cad8b}</UniqueIdentifier>
    </Filter>
    <Filter Include="LuaHttpServer\Header Files">
      <UniqueIdentifier>{87137bdf-31fb-4e5f-b82a-ca2c115efd09}</UniqueIdentifier>
    </Filter>
    <Filter Include="LuaHttpServer\Source Files">
      <UniqueIdentifier>{398bddc5-5f1d-4b23-82ac-08139a52fecb}</UniqueIdentifier>
    </Filter>
    <Filter Include="LuaXml">
      <UniqueIdentifier>{9f3619e9-6a26-4a08-a154-8c55ae02b007}</UniqueIdentifier>
    </Filter>
    <Filter Include="LuaXml\Header Files">
      <UniqueIdentifier>{14317451-7d30-4d62-bc97-df874085e950}</UniqueIdentifier>
    </Filter>
    <Filter Include="LuaXml\Source Files">
      <UniqueIdentifier>{8f4c62b9-cf25-4c6f-8c9c-338935e15f4a}</UniqueIdentifier>
    </Filter>
    <Filter Include="LuaYaml">
      <UniqueIdentifier>{c58d5a2b-7e51-4a3c-bfc1-b1c219ed34f0}</UniqueIdentifier>
    </Filter>
    <Filter Include="LuaYaml\Header Files">
      <UniqueIdentifier>{2468b443-fc3a-47f7-a433-86b26aa3729a}</UniqueIdentifier>
    </Filter>
    <Filter Include="LuaYaml\Source Files">
      <UniqueIdentifier>{43fd7786-235b-4cf1-91c6-71e8bcaa8deb}</UniqueIdentifier>
    </Filter>
    <Filter Include="LuaToml">
      <UniqueIdentifier>{553e513d-ecb0-4921-bddd-ca863eaf01cd}</UniqueIdentifier>
    </Filter>
    <Filter Include="LuaIni">
      <UniqueIdentifier>{a475aaf5-e1f4-46be-951c-c874024cbb54}</UniqueIdentifier>
    </Filter>
    <Filter Include="LuaHardware">
      <UniqueIdentifier>{1662154a-5bd1-4e8d-aa17-9aa4a019809f}</UniqueIdentifier>
    </Filter>
    <Filter Include="LuaUint">
      <UniqueIdentifier>{d5e91a93-e04b-4627-822d-e1632b1d26b9}</UniqueIdentifier>
    </Filter>
    <Filter Include="LuaTimespan">
      <UniqueIdentifier>{a094c2ea-a6e3-4542-9bd2-c7ea51c731c6}</UniqueIdentifier>
    </Filter>
    <Filter Include="LuaAliveToken">
      <UniqueIdentifier>{67d27bd3-dca7-4d41-bbf4-05a2467911ba}</UniqueIdentifier>
    </Filter>
    <Filter Include="LuaLlama">
      <UniqueIdentifier>{839ac8d7-ac66-413a-8d5a-0c19c441645e}</UniqueIdentifier>
    </Filter>
    <Filter Include="LuaLlama\Source Files">
      <UniqueIdentifier>{b4d8f306-47f6-4eb7-9298-1c66d04c4232}</UniqueIdentifier>
    </Filter>
    <Filter Include="LuaLlama\Header Files">
      <UniqueIdentifier>{ac94d203-f963-4994-a136-763ce346832b}</UniqueIdentifier>
    </Filter>
    <Filter Include="LuaTCP">
      <UniqueIdentifier>{45c33308-a34e-4332-8bac-cbde4b8f3318}</UniqueIdentifier>
    </Filter>
    <Filter Include="LuaTCP\Header Files">
      <UniqueIdentifier>{099f507c-ab17-49d0-bd71-50235066fd09}</UniqueIdentifier>
    </Filter>
    <Filter Include="LuaTCP\Source Files">
      <UniqueIdentifier>{e8315d1f-d6fb-458f-b54b-65b5e18bc77f}</UniqueIdentifier>
    </Filter>
    <Filter Include="LuaMcp">
      <UniqueIdentifier>{289a3914-5869-45cc-ba00-4339210eb02e}</UniqueIdentifier>
    </Filter>
  </ItemGroup>
  <ItemGroup>
    <ClCompile Include="KitsuneEngine.cpp">
      <Filter>Source Files</Filter>
    </ClCompile>
    <ClCompile Include="TimerMain.cpp">
      <Filter>LuaTimer</Filter>
    </ClCompile>
    <ClCompile Include="Timer.cpp">
      <Filter>LuaTimer\Source Files</Filter>
    </ClCompile>
    <ClCompile Include="LuaMongo.cpp">
      <Filter>LuaMongo\Source Files</Filter>
    </ClCompile>
    <ClCompile Include="MongoMain.cpp">
      <Filter>LuaMongo</Filter>
    </ClCompile>
    <ClCompile Include="MySQLMain.cpp">
      <Filter>LuaMySQL</Filter>
    </ClCompile>
    <ClCompile Include="LuaMySQL.cpp">
      <Filter>LuaMySQL\Source Files</Filter>
    </ClCompile>
    <ClCompile Include="lua_misc.cpp">
      <Filter>Source Files</Filter>
    </ClCompile>
    <ClCompile Include="LuaFileSystemMain.cpp">
      <Filter>LuaFileSystem</Filter>
    </ClCompile>
    <ClCompile Include="LuaFileSystem.cpp">
      <Filter>LuaFileSystem\Source Files</Filter>
    </ClCompile>
    <ClCompile Include="LuaSQLiteMain.cpp">
      <Filter>LuaSQLite</Filter>
    </ClCompile>
    <ClCompile Include="LuaSQLite.cpp">
      <Filter>LuaSQLite\Source Files</Filter>
    </ClCompile>
    <ClCompile Include="SQLite\sqlite3.c">
      <Filter>LuaSQLite\Source Files</Filter>
    </ClCompile>
    <ClCompile Include="md5.c">
      <Filter>LuaMD5\Source Files</Filter>
    </ClCompile>
    <ClCompile Include="MD5Main.cpp">
      <Filter>LuaMD5</Filter>
    </ClCompile>
    <ClCompile Include="LuaMD5.cpp">
      <Filter>LuaMD5\Source Files</Filter>
    </ClCompile>
    <ClCompile Include="ProcessMain.cpp">
      <Filter>LuaProcess</Filter>
    </ClCompile>
    <ClCompile Include="stream.cpp">
      <Filter>LuaStream\Source Files</Filter>
    </ClCompile>
    <ClCompile Include="StreamMain.cpp">
      <Filter>LuaStream</Filter>
    </ClCompile>
    <ClCompile Include="luakafka.cpp">
      <Filter>LuaKafka\Source Files</Filter>
    </ClCompile>
    <ClCompile Include="luakafkamain.cpp">
      <Filter>LuaKafka</Filter>
    </ClCompile>
    <ClCompile Include="kafkahelpers.cpp">
      <Filter>LuaKafka\Source Files</Filter>
    </ClCompile>
    <ClCompile Include="sha256.c">
      <Filter>LuaSha256\Source Files</Filter>
    </ClCompile>
    <ClCompile Include="LuaSha256.cpp">
      <Filter>LuaSha256\Source Files</Filter>
    </ClCompile>
    <ClCompile Include="Sha256Main.cpp">
      <Filter>LuaSha256</Filter>
    </ClCompile>
    <ClCompile Include="LuaMutexMain.cpp">
      <Filter>LuaMutex</Filter>
    </ClCompile>
    <ClCompile Include="LuaMutex.cpp">
      <Filter>LuaMutex\Source Files</Filter>
    </ClCompile>
    <ClCompile Include="aes.c">
      <Filter>LuaAes\Source Files</Filter>
    </ClCompile>
    <ClCompile Include="luaaes.cpp">
      <Filter>LuaAes\Source Files</Filter>
    </ClCompile>
    <ClCompile Include="LuaAesMain.cpp">
      <Filter>LuaAes</Filter>
    </ClCompile>
    <ClCompile Include="base64.cpp">
      <Filter>Source Files</Filter>
    </ClCompile>
    <ClCompile Include="mem.cpp">
      <Filter>Source Files</Filter>
    </ClCompile>
    <ClCompile Include="MemoryManager.cpp">
      <Filter>Memory\Source Files</Filter>
    </ClCompile>
    <ClCompile Include="wcharmain.cpp">
      <Filter>LuaWchar</Filter>
    </ClCompile>
    <ClCompile Include="luawchar.cpp">
      <Filter>LuaWchar\Source Files</Filter>
    </ClCompile>
    <ClCompile Include="datetimemain.cpp">
      <Filter>LuaDateTime</Filter>
    </ClCompile>
    <ClCompile Include="identifiermain.cpp">
      <Filter>LuaIdentifier</Filter>
    </ClCompile>
    <ClCompile Include="luaidentifier.cpp">
      <Filter>LuaIdentifier\Source Files</Filter>
    </ClCompile>
    <ClCompile Include="luacsv.cpp">
      <Filter>LuaCSV\Source Files</Filter>
    </ClCompile>
    <ClCompile Include="LuaCsvMain.cpp">
      <Filter>LuaCSV</Filter>
    </ClCompile>
    <ClCompile Include="LuaArchiveMain.cpp">
      <Filter>Archive</Filter>
    </ClCompile>
    <ClCompile Include="LuaArchive.cpp">
      <Filter>Archive\Source Files</Filter>
    </ClCompile>
    <ClCompile Include="RedisMain.cpp">
      <Filter>LuaRedis</Filter>
    </ClCompile>
    <ClCompile Include="Redis.cpp">
      <Filter>LuaRedis\Source Files</Filter>
    </ClCompile>
    <ClCompile Include="Bencode.cpp">
      <Filter>Util</Filter>
    </ClCompile>
    <ClCompile Include="LuaSHA1.cpp">
      <Filter>LuaSHA1\Source Files</Filter>
    </ClCompile>
    <ClCompile Include="SHA1Main.cpp">
      <Filter>LuaSHA1</Filter>
    </ClCompile>
    <ClCompile Include="sha1.c">
      <Filter>LuaSHA1\Source Files</Filter>
    </ClCompile>
    <ClCompile Include="Lua\lapi.c">
      <Filter>Lua</Filter>
    </ClCompile>
    <ClCompile Include="Lua\lauxlib.c">
      <Filter>Lua</Filter>
    </ClCompile>
    <ClCompile Include="Lua\lbaselib.c">
      <Filter>Lua</Filter>
    </ClCompile>
    <ClCompile Include="Lua\lcode.c">
      <Filter>Lua</Filter>
    </ClCompile>
    <ClCompile Include="Lua\lcorolib.c">
      <Filter>Lua</Filter>
    </ClCompile>
    <ClCompile Include="Lua\lctype.c">
      <Filter>Lua</Filter>
    </ClCompile>
    <ClCompile Include="Lua\ldblib.c">
      <Filter>Lua</Filter>
    </ClCompile>
    <ClCompile Include="Lua\ldebug.c">
      <Filter>Lua</Filter>
    </ClCompile>
    <ClCompile Include="Lua\ldo.c">
      <Filter>Lua</Filter>
    </ClCompile>
    <ClCompile Include="Lua\ldump.c">
      <Filter>Lua</Filter>
    </ClCompile>
    <ClCompile Include="Lua\lfunc.c">
      <Filter>Lua</Filter>
    </ClCompile>
    <ClCompile Include="Lua\lgc.c">
      <Filter>Lua</Filter>
    </ClCompile>
    <ClCompile Include="Lua\linit.c">
      <Filter>Lua</Filter>
    </ClCompile>
    <ClCompile Include="Lua\liolib.c">
      <Filter>Lua</Filter>
    </ClCompile>
    <ClCompile Include="Lua\llex.c">
      <Filter>Lua</Filter>
    </ClCompile>
    <ClCompile Include="Lua\lmathlib.c">
      <Filter>Lua</Filter>
    </ClCompile>
    <ClCompile Include="Lua\lmem.c">
      <Filter>Lua</Filter>
    </ClCompile>
    <ClCompile Include="Lua\loadlib.c">
      <Filter>Lua</Filter>
    </ClCompile>
    <ClCompile Include="Lua\lobject.c">
      <Filter>Lua</Filter>
    </ClCompile>
    <ClCompile Include="Lua\lopcodes.c">
      <Filter>Lua</Filter>
    </ClCompile>
    <ClCompile Include="Lua\loslib.c">
      <Filter>Lua</Filter>
    </ClCompile>
    <ClCompile Include="Lua\lparser.c">
      <Filter>Lua</Filter>
    </ClCompile>
    <ClCompile Include="Lua\lstate.c">
      <Filter>Lua</Filter>
    </ClCompile>
    <ClCompile Include="Lua\lstring.c">
      <Filter>Lua</Filter>
    </ClCompile>
    <ClCompile Include="Lua\lstrlib.c">
      <Filter>Lua</Filter>
    </ClCompile>
    <ClCompile Include="Lua\ltable.c">
      <Filter>Lua</Filter>
    </ClCompile>
    <ClCompile Include="Lua\ltablib.c">
      <Filter>Lua</Filter>
    </ClCompile>
    <ClCompile Include="Lua\ltm.c">
      <Filter>Lua</Filter>
    </ClCompile>
    <ClCompile Include="Lua\lundump.c">
      <Filter>Lua</Filter>
    </ClCompile>
    <ClCompile Include="Lua\lutf8lib.c">
      <Filter>Lua</Filter>
    </ClCompile>
    <ClCompile Include="Lua\lvm.c">
      <Filter>Lua</Filter>
    </ClCompile>
    <ClCompile Include="Lua\lzio.c">
      <Filter>Lua</Filter>
    </ClCompile>
    <ClCompile Include="RedisString.cpp">
      <Filter>LuaRedis\Source Files</Filter>
    </ClCompile>
    <ClCompile Include="RedisKey.cpp">
      <Filter>LuaRedis\Source Files</Filter>
    </ClCompile>
    <ClCompile Include="RedisValue.cpp">
      <Filter>LuaRedis\Source Files</Filter>
    </ClCompile>
    <ClCompile Include="RedisStream.cpp">
      <Filter>LuaRedis\Source Files</Filter>
    </ClCompile>
    <ClCompile Include="PostgresMain.cpp">
      <Filter>LuaPostgres</Filter>
    </ClCompile>
    <ClCompile Include="LuaEngineBuiltins.cpp">
      <Filter>Source Files</Filter>
    </ClCompile>
    <ClCompile Include="luajson.cpp">
      <Filter>LuaJson\Source Files</Filter>
    </ClCompile>
    <ClCompile Include="luajsonmain.cpp">
      <Filter>LuaJson</Filter>
    </ClCompile>
    <ClCompile Include="streammemory.cpp">
      <Filter>LuaStream\Source Files</Filter>
    </ClCompile>
    <ClCompile Include="streamfile.cpp">
      <Filter>LuaStream\Source Files</Filter>
    </ClCompile>
    <ClCompile Include="miniz.c">
      <Filter>Source Files</Filter>
    </ClCompile>
    <ClCompile Include="LuaProcess.cpp">
      <Filter>Source Files</Filter>
    </ClCompile>
    <ClCompile Include="HttpCurlMain.cpp">
      <Filter>LuaHTTP</Filter>
    </ClCompile>
    <ClCompile Include="HttpCurl.cpp">
      <Filter>LuaHTTP\Source Files</Filter>
    </ClCompile>
    <ClCompile Include="luakafkaproducer.cpp">
      <Filter>LuaKafka\Source Files</Filter>
    </ClCompile>
    <ClCompile Include="luakafkaconsumer.cpp">
      <Filter>LuaKafka\Source Files</Filter>
    </ClCompile>
    <ClCompile Include="RedisPubSub.cpp">
      <Filter>LuaRedis\Source Files</Filter>
    </ClCompile>
    <ClCompile Include="RedisJson.cpp">
      <Filter>LuaRedis\Source Files</Filter>
    </ClCompile>
    <ClCompile Include="kitsuneuserdata.cpp">
      <Filter>Source Files</Filter>
    </ClCompile>
    <ClCompile Include="LuaPostgres.cpp">
      <Filter>LuaPostgres\Source Files</Filter>
    </ClCompile>
    <ClCompile Include="luadatetime.cpp">
      <Filter>LuaDateTime\Source Files</Filter>
    </ClCompile>
    <ClCompile Include="decimalmain.cpp">
      <Filter>LuaDecimal</Filter>
    </ClCompile>
    <ClCompile Include="luadecimal.cpp">
      <Filter>LuaDecimal\Source Files</Filter>
    </ClCompile>
    <ClCompile Include="luamsgpack.cpp">
      <Filter>LuaMsgPack\Source Files</Filter>
    </ClCompile>
    <ClCompile Include="luamsgpackmain.cpp">
      <Filter>LuaMsgPack</Filter>
    </ClCompile>
    <ClCompile Include="LuaHttpServerMain.cpp">
      <Filter>LuaHttpServer</Filter>
    </ClCompile>
    <ClCompile Include="LuaHttpRequest.cpp">
      <Filter>LuaHttpServer\Source Files</Filter>
    </ClCompile>
    <ClCompile Include="LuaHttpResponse.cpp">
      <Filter>LuaHttpServer\Source Files</Filter>
    </ClCompile>
    <ClCompile Include="LuaHttpServer.cpp">
      <Filter>LuaHttpServer\Source Files</Filter>
    </ClCompile>
    <ClCompile Include="luaxmlmain.cpp">
      <Filter>LuaXml</Filter>
    </ClCompile>
    <ClCompile Include="luaxml.cpp">
      <Filter>LuaXml\Source Files</Filter>
    </ClCompile>
    <ClCompile Include="pugixml\pugixml.cpp">
      <Filter>LuaXml\Source Files</Filter>
    </ClCompile>
    <ClCompile Include="luayamlmain.cpp">
      <Filter>LuaYaml</Filter>
    </ClCompile>
    <ClCompile Include="libyaml\src\parser.c">
      <Filter>LuaYaml\Source Files</Filter>
    </ClCompile>
    <ClCompile Include="libyaml\src\reader.c">
      <Filter>LuaYaml\Source Files</Filter>
    </ClCompile>
    <ClCompile Include="libyaml\src\scanner.c">
      <Filter>LuaYaml\Source Files</Filter>
    </ClCompile>
    <ClCompile Include="libyaml\src\writer.c">
      <Filter>LuaYaml\Source Files</Filter>
    </ClCompile>
    <ClCompile Include="libyaml\src\api.c">
      <Filter>LuaYaml\Source Files</Filter>
    </ClCompile>
    <ClCompile Include="libyaml\src\dumper.c">
      <Filter>LuaYaml\Source Files</Filter>
    </ClCompile>
    <ClCompile Include="libyaml\src\emitter.c">
      <Filter>LuaYaml\Source Files</Filter>
    </ClCompile>
    <ClCompile Include="libyaml\src\loader.c">
      <Filter>LuaYaml\Source Files</Filter>
    </ClCompile>
    <ClCompile Include="luayaml.cpp">
      <Filter>LuaYaml\Source Files</Filter>
    </ClCompile>
    <ClCompile Include="luatoml.cpp">
      <Filter>LuaToml</Filter>
    </ClCompile>
    <ClCompile Include="luatomlmain.cpp">
      <Filter>LuaToml</Filter>
    </ClCompile>
    <ClCompile Include="msgpack\src\zone.c">
      <Filter>LuaMsgPack\Source Files</Filter>
    </ClCompile>
    <ClCompile Include="msgpack\src\unpack.c">
      <Filter>LuaMsgPack\Source Files</Filter>
    </ClCompile>
    <ClCompile Include="msgpack\src\version.c">
      <Filter>LuaMsgPack\Source Files</Filter>
    </ClCompile>
    <ClCompile Include="msgpack\src\vrefbuffer.c">
      <Filter>LuaMsgPack\Source Files</Filter>
    </ClCompile>
    <ClCompile Include="msgpack\src\objectc.c">
      <Filter>LuaMsgPack\Source Files</Filter>
    </ClCompile>
    <ClCompile Include="tomlc99\toml.c">
      <Filter>LuaMsgPack\Source Files</Filter>
    </ClCompile>
    <ClCompile Include="luaini.cpp">
      <Filter>LuaIni</Filter>
    </ClCompile>
    <ClCompile Include="luainimain.cpp">
      <Filter>LuaIni</Filter>
    </ClCompile>
    <ClCompile Include="LuaHardware.cpp">
      <Filter>LuaHardware</Filter>
    </ClCompile>
    <ClCompile Include="LuaHardwareMain.cpp">
      <Filter>LuaHardware</Filter>
    </ClCompile>
    <ClCompile Include="luauint.cpp">
      <Filter>LuaUint</Filter>
    </ClCompile>
    <ClCompile Include="uintmain.cpp">
      <Filter>LuaUint</Filter>
    </ClCompile>
    <ClCompile Include="luatimespan.cpp">
      <Filter>LuaTimespan</Filter>
    </ClCompile>
    <ClCompile Include="timespanmain.cpp">
      <Filter>LuaTimespan</Filter>
    </ClCompile>
    <ClCompile Include="luaalivtokenmain.cpp">
      <Filter>LuaAliveToken</Filter>
    </ClCompile>
    <ClCompile Include="luaalivetoken.cpp">
      <Filter>LuaAliveToken</Filter>
    </ClCompile>
    <ClCompile Include="luatask.cpp">
      <Filter>Source Files</Filter>
    </ClCompile>
    <ClCompile Include="KitsuneLuaDebug.cpp">
      <Filter>Source Files</Filter>
    </ClCompile>
    <ClCompile Include="LuaWebSocket.cpp">
      <Filter>Source Files</Filter>
    </ClCompile>
    <ClCompile Include="luallamamain.cpp">
      <Filter>LuaLlama</Filter>
    </ClCompile>
    <ClCompile Include="luallama.cpp">
      <Filter>LuaLlama\Source Files</Filter>
    </ClCompile>
    <ClCompile Include="LlamaContext.cpp">
      <Filter>LuaLlama\Source Files</Filter>
    </ClCompile>
    <ClCompile Include="LuaTcpListener.cpp">
      <Filter>LuaTCP\Source Files</Filter>
    </ClCompile>
    <ClCompile Include="LuaTcpMain.cpp">
      <Filter>LuaTCP</Filter>
    </ClCompile>
    <ClCompile Include="luallama_prompt.cpp">
      <Filter>LuaLlama\Source Files</Filter>
    </ClCompile>
    <ClCompile Include="luatoolsuite.cpp">
      <Filter>LuaLlama\Source Files</Filter>
    </ClCompile>
    <ClCompile Include="LuaDuckDB.cpp">
      <Filter>Source Files</Filter>
    </ClCompile>
    <ClCompile Include="LuaDuckDBMain.cpp">
      <Filter>Source Files</Filter>
    </ClCompile>
    <ClCompile Include="DuckDB\duckdb.cpp">
      <Filter>Source Files</Filter>
    </ClCompile>
    <ClCompile Include="luamcp.cpp">
      <Filter>LuaMcp</Filter>
    </ClCompile>
  </ItemGroup>
  <ItemGroup>
    <ClInclude Include="KitsuneEngine.h">
      <Filter>Header Files</Filter>
    </ClInclude>
    <ClInclude Include="lua_main_incl.h">
      <Filter>Header Files</Filter>
    </ClInclude>
    <ClInclude Include="TimerMain.h">
      <Filter>LuaTimer</Filter>
    </ClInclude>
    <ClInclude Include="Timer.h">
      <Filter>LuaTimer\Header Files</Filter>
    </ClInclude>
    <ClInclude Include="LuaMongo.h">
      <Filter>LuaMongo\Header Files</Filter>
    </ClInclude>
    <ClInclude Include="MongoMain.h">
      <Filter>LuaMongo</Filter>
    </ClInclude>
    <ClInclude Include="MySQLMain.h">
      <Filter>LuaMySQL</Filter>
    </ClInclude>
    <ClInclude Include="LuaMySQL.h">
      <Filter>LuaMySQL\Header Files</Filter>
    </ClInclude>
    <ClInclude Include="lua_misc.h">
      <Filter>Header Files</Filter>
    </ClInclude>
    <ClInclude Include="LuaFileSystemMain.h">
      <Filter>LuaFileSystem</Filter>
    </ClInclude>
    <ClInclude Include="LuaFileSystem.h">
      <Filter>LuaFileSystem\Header Files</Filter>
    </ClInclude>
    <ClInclude Include="LuaSQLiteMain.h">
      <Filter>LuaSQLite</Filter>
    </ClInclude>
    <ClInclude Include="LuaSQLite.h">
      <Filter>LuaSQLite\Header Files</Filter>
    </ClInclude>
    <ClInclude Include="SQLite\sqlite3.h">
      <Filter>LuaSQLite\Header Files</Filter>
    </ClInclude>
    <ClInclude Include="md5.h">
      <Filter>LuaMD5\Header Files</Filter>
    </ClInclude>
    <ClInclude Include="MD5Main.h">
      <Filter>LuaMD5</Filter>
    </ClInclude>
    <ClInclude Include="LuaMD5.h">
      <Filter>LuaMD5\Header Files</Filter>
    </ClInclude>
    <ClInclude Include="ProcessMain.h">
      <Filter>LuaProcess</Filter>
    </ClInclude>
    <ClInclude Include="StreamMain.h">
      <Filter>LuaStream</Filter>
    </ClInclude>
    <ClInclude Include="luakafka.h">
      <Filter>LuaKafka\Header Files</Filter>
    </ClInclude>
    <ClInclude Include="luakafkamain.h">
      <Filter>LuaKafka</Filter>
    </ClInclude>
    <ClInclude Include="kafkahelpers.h">
      <Filter>LuaKafka\Header Files</Filter>
    </ClInclude>
    <ClInclude Include="sha256.h">
      <Filter>LuaSha256\Header Files</Filter>
    </ClInclude>
    <ClInclude Include="LuaSha256.h">
      <Filter>LuaSha256\Header Files</Filter>
    </ClInclude>
    <ClInclude Include="Sha256Main.h">
      <Filter>LuaSha256</Filter>
    </ClInclude>
    <ClInclude Include="LuaMutexMain.h">
      <Filter>LuaMutex</Filter>
    </ClInclude>
    <ClInclude Include="LuaMutex.h">
      <Filter>LuaMutex\Header Files</Filter>
    </ClInclude>
    <ClInclude Include="luaaes.h">
      <Filter>LuaAes\Header Files</Filter>
    </ClInclude>
    <ClInclude Include="LuaAesMain.h">
      <Filter>LuaAes</Filter>
    </ClInclude>
    <ClInclude Include="aes.hpp">
      <Filter>LuaAes\Header Files</Filter>
    </ClInclude>
    <ClInclude Include="aes.h">
      <Filter>LuaAes\Header Files</Filter>
    </ClInclude>
    <ClInclude Include="base64.h">
      <Filter>Header Files</Filter>
    </ClInclude>
    <ClInclude Include="mem.h">
      <Filter>Header Files</Filter>
    </ClInclude>
    <ClInclude Include="MemoryManager.h">
      <Filter>Memory\Header Files</Filter>
    </ClInclude>
    <ClInclude Include="wcharmain.h">
      <Filter>LuaWchar</Filter>
    </ClInclude>
    <ClInclude Include="luawchar.h">
      <Filter>LuaWchar\Header Files</Filter>
    </ClInclude>
    <ClInclude Include="datetimemain.h">
      <Filter>LuaDateTime</Filter>
    </ClInclude>
    <ClInclude Include="identifiermain.h">
      <Filter>LuaIdentifier</Filter>
    </ClInclude>
    <ClInclude Include="luaidentifier.h">
      <Filter>LuaIdentifier\Header Files</Filter>
    </ClInclude>
    <ClInclude Include="luacsv.h">
      <Filter>LuaCSV\Header Files</Filter>
    </ClInclude>
    <ClInclude Include="LuaCsvMain.h">
      <Filter>LuaCSV</Filter>
    </ClInclude>
    <ClInclude Include="LuaArchiveMain.h">
      <Filter>Archive</Filter>
    </ClInclude>
    <ClInclude Include="RedisMain.h">
      <Filter>LuaRedis</Filter>
    </ClInclude>
    <ClInclude Include="Redis.h">
      <Filter>LuaRedis\Header Files</Filter>
    </ClInclude>
    <ClInclude Include="hiredis\hiredis.h">
      <Filter>Hiredis</Filter>
    </ClInclude>
    <ClInclude Include="hiredis\read.h">
      <Filter>Hiredis</Filter>
    </ClInclude>
    <ClInclude Include="hiredis\sds.h">
      <Filter>Hiredis</Filter>
    </ClInclude>
    <ClInclude Include="hiredis\alloc.h">
      <Filter>Hiredis</Filter>
    </ClInclude>
    <ClInclude Include="hiredis\hiredis_ssl.h">
      <Filter>Hiredis</Filter>
    </ClInclude>
    <ClInclude Include="Bencode.h">
      <Filter>Util</Filter>
    </ClInclude>
    <ClInclude Include="LuaArchive.h">
      <Filter>Archive\Header Files</Filter>
    </ClInclude>
    <ClInclude Include="LuaSHA1.h">
      <Filter>LuaSHA1\Header Files</Filter>
    </ClInclude>
    <ClInclude Include="sha1.h">
      <Filter>LuaSHA1\Header Files</Filter>
    </ClInclude>
    <ClInclude Include="Lua\lapi.h">
      <Filter>Lua</Filter>
    </ClInclude>
    <ClInclude Include="Lua\lauxlib.h">
      <Filter>Lua</Filter>
    </ClInclude>
    <ClInclude Include="Lua\lcode.h">
      <Filter>Lua</Filter>
    </ClInclude>
    <ClInclude Include="Lua\lctype.h">
      <Filter>Lua</Filter>
    </ClInclude>
    <ClInclude Include="Lua\ldebug.h">
      <Filter>Lua</Filter>
    </ClInclude>
    <ClInclude Include="Lua\ldo.h">
      <Filter>Lua</Filter>
    </ClInclude>
    <ClInclude Include="Lua\lfunc.h">
      <Filter>Lua</Filter>
    </ClInclude>
    <ClInclude Include="Lua\lgc.h">
      <Filter>Lua</Filter>
    </ClInclude>
    <ClInclude Include="Lua\ljumptab.h">
      <Filter>Lua</Filter>
    </ClInclude>
    <ClInclude Include="Lua\llex.h">
      <Filter>Lua</Filter>
    </ClInclude>
    <ClInclude Include="Lua\llimits.h">
      <Filter>Lua</Filter>
    </ClInclude>
    <ClInclude Include="Lua\lmem.h">
      <Filter>Lua</Filter>
    </ClInclude>
    <ClInclude Include="Lua\lobject.h">
      <Filter>Lua</Filter>
    </ClInclude>
    <ClInclude Include="Lua\lopcodes.h">
      <Filter>Lua</Filter>
    </ClInclude>
    <ClInclude Include="Lua\lopnames.h">
      <Filter>Lua</Filter>
    </ClInclude>
    <ClInclude Include="Lua\lparser.h">
      <Filter>Lua</Filter>
    </ClInclude>
    <ClInclude Include="Lua\lprefix.h">
      <Filter>Lua</Filter>
    </ClInclude>
    <ClInclude Include="Lua\lstate.h">
      <Filter>Lua</Filter>
    </ClInclude>
    <ClInclude Include="Lua\lstring.h">
      <Filter>Lua</Filter>
    </ClInclude>
    <ClInclude Include="Lua\ltable.h">
      <Filter>Lua</Filter>
    </ClInclude>
    <ClInclude Include="Lua\ltm.h">
      <Filter>Lua</Filter>
    </ClInclude>
    <ClInclude Include="Lua\lua.h">
      <Filter>Lua</Filter>
    </ClInclude>
    <ClInclude Include="Lua\lua.hpp">
      <Filter>Lua</Filter>
    </ClInclude>
    <ClInclude Include="Lua\luaconf.h">
      <Filter>Lua</Filter>
    </ClInclude>
    <ClInclude Include="Lua\lualib.h">
      <Filter>Lua</Filter>
    </ClInclude>
    <ClInclude Include="Lua\lundump.h">
      <Filter>Lua</Filter>
    </ClInclude>
    <ClInclude Include="Lua\lvm.h">
      <Filter>Lua</Filter>
    </ClInclude>
    <ClInclude Include="Lua\lzio.h">
      <Filter>Lua</Filter>
    </ClInclude>
    <ClInclude Include="RedisString.h">
      <Filter>LuaRedis\Header Files</Filter>
    </ClInclude>
    <ClInclude Include="RedisKey.h">
      <Filter>LuaRedis\Header Files</Filter>
    </ClInclude>
    <ClInclude Include="RedisValue.h">
      <Filter>LuaRedis\Header Files</Filter>
    </ClInclude>
    <ClInclude Include="RedisStream.h">
      <Filter>LuaRedis\Header Files</Filter>
    </ClInclude>
    <ClInclude Include="postgres\include\libpq-fe.h">
      <Filter>LuaPostgres\Header Files</Filter>
    </ClInclude>
    <ClInclude Include="LuaPostgres.h">
      <Filter>LuaPostgres\Header Files</Filter>
    </ClInclude>
    <ClInclude Include="PostgresMain.h">
      <Filter>LuaPostgres</Filter>
    </ClInclude>
    <ClInclude Include="LuaEngineBuiltins.h">
      <Filter>Header Files</Filter>
    </ClInclude>
    <ClInclude Include="luajson.h">
      <Filter>LuaJson\Header Files</Filter>
    </ClInclude>
    <ClInclude Include="luajsonmain.h">
      <Filter>LuaJson</Filter>
    </ClInclude>
    <ClInclude Include="streammemory.h">
      <Filter>LuaStream\Header Files</Filter>
    </ClInclude>
    <ClInclude Include="streamfile.h">
      <Filter>LuaStream\Header Files</Filter>
    </ClInclude>
    <ClInclude Include="platform.h">
      <Filter>Header Files</Filter>
    </ClInclude>
    <ClInclude Include="miniz.h">
      <Filter>Header Files</Filter>
    </ClInclude>
    <ClInclude Include="LuaProcess.h">
      <Filter>Header Files</Filter>
    </ClInclude>
    <ClInclude Include="HttpCurlMain.h">
      <Filter>LuaHTTP</Filter>
    </ClInclude>
    <ClInclude Include="HttpCurl.h">
      <Filter>LuaHTTP\Header Files</Filter>
    </ClInclude>
    <ClInclude Include="RedisPubSub.h">
      <Filter>LuaRedis\Header Files</Filter>
    </ClInclude>
    <ClInclude Include="RedisJson.h">
      <Filter>LuaRedis\Header Files</Filter>
    </ClInclude>
    <ClInclude Include="kitsuneuserdata.h">
      <Filter>Header Files</Filter>
    </ClInclude>
    <ClInclude Include="SHA1Main.h">
      <Filter>LuaSHA1</Filter>
    </ClInclude>
    <ClInclude Include="luadatetime.h">
      <Filter>LuaDateTime\Header Files</Filter>
    </ClInclude>
    <ClInclude Include="decimalmain.h">
      <Filter>LuaDecimal</Filter>
    </ClInclude>
    <ClInclude Include="luadecimal.h">
      <Filter>LuaDecimal\Header Files</Filter>
    </ClInclude>
    <ClInclude Include="luamsgpack.h">
      <Filter>LuaMsgPack\Header Files</Filter>
    </ClInclude>
    <ClInclude Include="luamsgpackmain.h">
      <Filter>LuaMsgPack</Filter>
    </ClInclude>
    <ClInclude Include="LuaHttpServerMain.h">
      <Filter>LuaHttpServer</Filter>
    </ClInclude>
    <ClInclude Include="LuaHttpRequest.h">
      <Filter>LuaHttpServer\Header Files</Filter>
    </ClInclude>
    <ClInclude Include="LuaHttpServer.h">
      <Filter>LuaHttpServer\Header Files</Filter>
    </ClInclude>
    <ClInclude Include="luaxmlmain.h">
      <Filter>LuaXml</Filter>
    </ClInclude>
    <ClInclude Include="luaxml.h">
      <Filter>LuaXml\Header Files</Filter>
    </ClInclude>
    <ClInclude Include="pugixml\pugiconfig.hpp">
      <Filter>LuaXml\Header Files</Filter>
    </ClInclude>
    <ClInclude Include="pugixml\pugixml.hpp">
      <Filter>LuaXml\Header Files</Filter>
    </ClInclude>
    <ClInclude Include="libyaml\src\config.h">
      <Filter>Header Files</Filter>
    </ClInclude>
    <ClInclude Include="luayamlmain.h">
      <Filter>LuaYaml</Filter>
    </ClInclude>
    <ClInclude Include="luayaml.h">
      <Filter>LuaYaml\Header Files</Filter>
    </ClInclude>
    <ClInclude Include="luatomlmain.h">
      <Filter>LuaToml</Filter>
    </ClInclude>
    <ClInclude Include="luatoml.h">
      <Filter>LuaToml</Filter>
    </ClInclude>
    <ClInclude Include="luakafkaproducer.h">
      <Filter>LuaKafka\Header Files</Filter>
    </ClInclude>
    <ClInclude Include="luakafkaconsumer.h">
      <Filter>LuaKafka\Header Files</Filter>
    </ClInclude>
    <ClInclude Include="stream.h">
      <Filter>LuaStream\Header Files</Filter>
    </ClInclude>
    <ClInclude Include="luainimain.h">
      <Filter>LuaIni</Filter>
    </ClInclude>
    <ClInclude Include="luaini.h">
      <Filter>LuaIni</Filter>
    </ClInclude>
    <ClInclude Include="LuaHardwareMain.h">
      <Filter>LuaHardware</Filter>
    </ClInclude>
    <ClInclude Include="LuaHardware.h">
      <Filter>LuaHardware</Filter>
    </ClInclude>
    <ClInclude Include="uintmain.h">
      <Filter>LuaUint</Filter>
    </ClInclude>
    <ClInclude Include="luauint.h">
      <Filter>LuaUint</Filter>
    </ClInclude>
    <ClInclude Include="luatimespan.h">
      <Filter>LuaTimespan</Filter>
    </ClInclude>
    <ClInclude Include="timespanmain.h">
      <Filter>LuaTimespan</Filter>
    </ClInclude>
    <ClInclude Include="luaalivetoken.h">
      <Filter>LuaAliveToken</Filter>
    </ClInclude>
    <ClInclude Include="utf8bom.h">
      <Filter>Header Files</Filter>
    </ClInclude>
    <ClInclude Include="kitsune_internal.h">
      <Filter>Header Files</Filter>
    </ClInclude>
    <ClInclude Include="luatask.h">
      <Filter>Header Files</Filter>
    </ClInclude>
    <ClInclude Include="Kitsune\KitsuneLuaDebug.h">
      <Filter>Header Files</Filter>
    </ClInclude>
    <ClInclude Include="LuaWebSocket.h">
      <Filter>Header Files</Filter>
    </ClInclude>
    <ClInclude Include="luallamamain.h">
      <Filter>LuaLlama</Filter>
    </ClInclude>
    <ClInclude Include="luallama.h">
      <Filter>LuaLlama\Header Files</Filter>
    </ClInclude>
    <ClInclude Include="LlamaContext.h">
      <Filter>LuaLlama\Header Files</Filter>
    </ClInclude>
    <ClInclude Include="LuaTcpListener.h">
      <Filter>LuaTCP\Header Files</Filter>
    </ClInclude>
    <ClInclude Include="LuaTcpMain.h">
      <Filter>LuaTCP</Filter>
    </ClInclude>
    <ClInclude Include="luallama_prompt.h">
      <Filter>LuaLlama\Header Files</Filter>
    </ClInclude>
    <ClInclude Include="luatoolsuite.h">
      <Filter>LuaLlama\Header Files</Filter>
    </ClInclude>
    <ClInclude Include="LuaDuckDB.h">
      <Filter>Header Files</Filter>
    </ClInclude>
    <ClInclude Include="LuaDuckDBMain.h">
      <Filter>Header Files</Filter>
    </ClInclude>
    <ClInclude Include="DuckDB\duckdb.h">
      <Filter>Header Files</Filter>
    </ClInclude>
    <ClInclude Include="luamcp.h">
      <Filter>LuaMcp</Filter>
    </ClInclude>
    <ClInclude Include="luamcpmain.h">
      <Filter>LuaMcp</Filter>
    </ClInclude>
  </ItemGroup>
  <ItemGroup>
    <None Include="Lua functions.md" />
    <None Include="testEnvironments.json" />
    <None Include="vcpkg.json" />
    <None Include="triplets\x64-windows-static-md.cmake" />
    <None Include="build-linux-and-test.ps1" />
    <None Include=".vscode\launch.json" />
    <None Include="build-libevent-linux.sh" />
    <None Include="fetch-llama-binaries.ps1" />
    <None Include="Plans\KitsuneGuard.md" />
  </ItemGroup>
  <ItemGroup>
    <Text Include="CMakeLists.txt" />
  </ItemGroup>
</Project>