<?xml version="1.0" encoding="utf-8"?>
<Project ToolsVersion="4.0" xmlns="http://schemas.microsoft.com/developer/msbuild/2003">
  <ItemGroup>
    <Filter Include="Source Files">
      <UniqueIdentifier>{4FC737F1-C7A5-4376-A066-2A32D752A2FF}</UniqueIdentifier>
      <Extensions>cpp;c;cc;cxx;def;odl;idl;hpj;bat;asm;asmx</Extensions>
    </Filter>
    <Filter Include="Header Files">
      <UniqueIdentifier>{93995380-89BD-4b04-88EB-625FBE52EBFB}</UniqueIdentifier>
      <Extensions>h;hh;hpp;hxx;hm;inl;inc;xsd</Extensions>
    </Filter>
    <Filter Include="Resource Files">
      <UniqueIdentifier>{67DA6AB6-F800-4c08-8B7A-83BB121AAD01}</UniqueIdentifier>
      <Extensions>rc;ico;cur;bmp;dlg;rc2;rct;bin;rgs;gif;jpg;jpeg;jpe;resx;tiff;tif;png;wav;mfcribbon-ms</Extensions>
    </Filter>
    <Filter Include="_Tests">
      <UniqueIdentifier>{615e3036-5eb2-4245-9114-67685df43186}</UniqueIdentifier>
    </Filter>
    <Filter Include="Documentation">
      <UniqueIdentifier>{A1B2C3D4-E5F6-7890-ABCD-EF1234567890}</UniqueIdentifier>
    </Filter>
  </ItemGroup>
  <ItemGroup>
    <ClCompile Include="Program.cpp">
      <Filter>Source Files</Filter>
    </ClCompile>
  </ItemGroup>
  <ItemGroup>
    <ClInclude Include="KitsuneEngine.h">
      <Filter>Header Files</Filter>
    </ClInclude>
    <ClInclude Include="resource.h">
      <Filter>Header Files</Filter>
    </ClInclude>
  </ItemGroup>
  <ItemGroup>
    <ResourceCompile Include="Kitsune.rc">
      <Filter>Resource Files</Filter>
    </ResourceCompile>
  </ItemGroup>
  <ItemGroup>
    <Image Include="Lua\jiiiiiiiiitsu.ico">
      <Filter>Resource Files</Filter>
    </Image>
  </ItemGroup>
  <ItemGroup>
    <Manifest Include="kitsune.exe.manifest">
      <Filter>Resource Files</Filter>
    </Manifest>
  </ItemGroup>
  <ItemGroup>
    <None Include=".github\copilot-instructions.md">
      <Filter>Documentation</Filter>
    </None>
    <None Include="Extension functions.md">
      <Filter>Documentation</Filter>
    </None>
    <None Include="Lua functions.md">
      <Filter>Documentation</Filter>
    </None>
    <None Include="Lua\Makefile">
      <Filter>Documentation</Filter>
    </None>
    <None Include="tests\aes.lua">
      <Filter>_Tests</Filter>
    </None>
    <None Include="tests\archive.lua">
      <Filter>_Tests</Filter>
    </None>
    <None Include="tests\base64.lua">
      <Filter>_Tests</Filter>
    </None>
    <None Include="tests\client.lua">
      <Filter>_Tests</Filter>
    </None>
    <None Include="tests\config.lua">
      <Filter>_Tests</Filter>
    </None>
    <None Include="tests\console.lua">
      <Filter>_Tests</Filter>
    </None>
    <None Include="tests\csv.lua">
      <Filter>_Tests</Filter>
    </None>
    <None Include="tests\env.lua">
      <Filter>_Tests</Filter>
    </None>
    <None Include="tests\erf.lua">
      <Filter>_Tests</Filter>
    </None>
    <None Include="tests\fileasync.lua">
      <Filter>_Tests</Filter>
    </None>
    <None Include="tests\filesystem.lua">
      <Filter>_Tests</Filter>
    </None>
    <None Include="tests\ftp.lua">
      <Filter>_Tests</Filter>
    </None>
    <None Include="tests\gff.lua">
      <Filter>_Tests</Filter>
    </None>
    <None Include="tests\hashing.lua">
      <Filter>_Tests</Filter>
    </None>
    <None Include="tests\helpers.lua">
      <Filter>_Tests</Filter>
    </None>
    <None Include="tests\http.lua">
      <Filter>_Tests</Filter>
    </None>
    <None Include="tests\image.lua">
      <Filter>_Tests</Filter>
    </None>
    <None Include="tests\imgui.lua">
      <Filter>_Tests</Filter>
    </None>
    <None Include="tests\imgui_simple.lua">
      <Filter>_Tests</Filter>
    </None>
    <None Include="tests\json.lua">
      <Filter>_Tests</Filter>
    </None>
    <None Include="tests\kafka.lua">
      <Filter>_Tests</Filter>
    </None>
    <None Include="tests\macro.lua">
      <Filter>_Tests</Filter>
    </None>
    <None Include="tests\mutex.lua">
      <Filter>_Tests</Filter>
    </None>
    <None Include="tests\mysql.lua">
      <Filter>_Tests</Filter>
    </None>
    <None Include="tests\odbc.lua">
      <Filter>_Tests</Filter>
    </None>
    <None Include="tests\pipe.lua">
      <Filter>_Tests</Filter>
    </None>
    <None Include="tests\postgres.lua">
      <Filter>_Tests</Filter>
    </None>
    <None Include="tests\process.lua">
      <Filter>_Tests</Filter>
    </None>
    <None Include="tests\redis.lua">
      <Filter>_Tests</Filter>
    </None>
    <None Include="tests\run_all.lua">
      <Filter>_Tests</Filter>
    </None>
    <None Include="tests\server.lua">
      <Filter>_Tests</Filter>
    </None>
    <None Include="tests\services.lua">
      <Filter>_Tests</Filter>
    </None>
    <None Include="tests\sound.lua">
      <Filter>_Tests</Filter>
    </None>
    <None Include="tests\sqlite.lua">
      <Filter>_Tests</Filter>
    </None>
    <None Include="tests\stream.lua">
      <Filter>_Tests</Filter>
    </None>
    <None Include="tests\timer.lua">
      <Filter>_Tests</Filter>
    </None>
    <None Include="tests\tlk.lua">
      <Filter>_Tests</Filter>
    </None>
    <None Include="tests\tts.lua">
      <Filter>_Tests</Filter>
    </None>
    <None Include="tests\twoda.lua">
      <Filter>_Tests</Filter>
    </None>
    <None Include="tests\utils.lua">
      <Filter>_Tests</Filter>
    </None>
    <None Include="tests\wchar.lua">
      <Filter>_Tests</Filter>
    </None>
    <None Include="tests\zip.lua">
      <Filter>_Tests</Filter>
    </None>
    <None Include="KitsuneEngine\KitsuneEngine.vcxproj" />
  </ItemGroup>
  <ItemGroup>
    <Text Include="main.lua" />
  </ItemGroup>
</Project>