
Microsoft Visual Studio Solution File, Format Version 12.00
# Visual Studio Version 18
VisualStudioVersion = 18.4.11620.152
MinimumVisualStudioVersion = 10.0.40219.1
Project("{8BC9CEB8-8B4A-11D0-8D11-00A0C91BC942}") = "KitsuneEngine", "KitsuneEngine.vcxproj", "{455B7EC7-9F27-4507-BE42-3770EAE69D38}"
EndProject
Project("{8BC9CEB8-8B4A-11D0-8D11-00A0C91BC942}") = "Kitsune", "Kitsune\Kitsune.vcxproj", "{DB53B7C6-DAD2-432E-839F-75E1809C9C59}"
	ProjectSection(ProjectDependencies) = postProject
		{8D02E54F-052A-4091-8C7E-99F5CD938E97} = {8D02E54F-052A-4091-8C7E-99F5CD938E97}
		{455B7EC7-9F27-4507-BE42-3770EAE69D38} = {455B7EC7-9F27-4507-BE42-3770EAE69D38}
	EndProjectSection
EndProject
Project("{8BC9CEB8-8B4A-11D0-8D11-00A0C91BC942}") = "SQLiteKitsuneExtension", "sqliteextension\SQLiteKitsuneExtension.vcxproj", "{8D02E54F-052A-4091-8C7E-99F5CD938E97}"
	ProjectSection(ProjectDependencies) = postProject
		{455B7EC7-9F27-4507-BE42-3770EAE69D38} = {455B7EC7-9F27-4507-BE42-3770EAE69D38}
	EndProjectSection
EndProject
Project("{FAE04EC0-301F-11D3-BF4B-00C04F79EFBC}") = "KitsuneNet", "KitsuneNet\KitsuneNet.csproj", "{8BB9EA75-759F-DC41-8993-F0192FB1926C}"
EndProject
Project("{FAE04EC0-301F-11D3-BF4B-00C04F79EFBC}") = "KitsuneNet.Tests", "KitsuneNet.Tests\KitsuneNet.Tests.csproj", "{3A8C320D-0941-A0E2-7635-8E6FF9F574CD}"
EndProject
Project("{2150E333-8FDC-42A3-9474-1A3956D46DE8}") = "Solution Items", "Solution Items", "{7F771E5C-129E-4995-8196-7FFACBFDA22E}"
	ProjectSection(SolutionItems) = preProject
		analysis.ruleset = analysis.ruleset
	EndProjectSection
EndProject
Global
	GlobalSection(SolutionConfigurationPlatforms) = preSolution
		Debug|Any CPU = Debug|Any CPU
		Debug|x64 = Debug|x64
		Release|Any CPU = Release|Any CPU
		Release|x64 = Release|x64
	EndGlobalSection
	GlobalSection(ProjectConfigurationPlatforms) = postSolution
		{455B7EC7-9F27-4507-BE42-3770EAE69D38}.Debug|Any CPU.ActiveCfg = Debug|x64
		{455B7EC7-9F27-4507-BE42-3770EAE69D38}.Debug|Any CPU.Build.0 = Debug|x64
		{455B7EC7-9F27-4507-BE42-3770EAE69D38}.Debug|x64.ActiveCfg = Debug|x64
		{455B7EC7-9F27-4507-BE42-3770EAE69D38}.Debug|x64.Build.0 = Debug|x64
		{455B7EC7-9F27-4507-BE42-3770EAE69D38}.Release|Any CPU.ActiveCfg = Release|x64
		{455B7EC7-9F27-4507-BE42-3770EAE69D38}.Release|Any CPU.Build.0 = Release|x64
		{455B7EC7-9F27-4507-BE42-3770EAE69D38}.Release|x64.ActiveCfg = Release|x64
		{455B7EC7-9F27-4507-BE42-3770EAE69D38}.Release|x64.Build.0 = Release|x64
		{DB53B7C6-DAD2-432E-839F-75E1809C9C59}.Debug|Any CPU.ActiveCfg = Debug|x64
		{DB53B7C6-DAD2-432E-839F-75E1809C9C59}.Debug|Any CPU.Build.0 = Debug|x64
		{DB53B7C6-DAD2-432E-839F-75E1809C9C59}.Debug|x64.ActiveCfg = Debug|x64
		{DB53B7C6-DAD2-432E-839F-75E1809C9C59}.Debug|x64.Build.0 = Debug|x64
		{DB53B7C6-DAD2-432E-839F-75E1809C9C59}.Release|Any CPU.ActiveCfg = Release|x64
		{DB53B7C6-DAD2-432E-839F-75E1809C9C59}.Release|Any CPU.Build.0 = Release|x64
		{DB53B7C6-DAD2-432E-839F-75E1809C9C59}.Release|x64.ActiveCfg = Release|x64
		{DB53B7C6-DAD2-432E-839F-75E1809C9C59}.Release|x64.Build.0 = Release|x64
		{8D02E54F-052A-4091-8C7E-99F5CD938E97}.Debug|Any CPU.ActiveCfg = Debug|x64
		{8D02E54F-052A-4091-8C7E-99F5CD938E97}.Debug|Any CPU.Build.0 = Debug|x64
		{8D02E54F-052A-4091-8C7E-99F5CD938E97}.Debug|x64.ActiveCfg = Debug|x64
		{8D02E54F-052A-4091-8C7E-99F5CD938E97}.Debug|x64.Build.0 = Debug|x64
		{8D02E54F-052A-4091-8C7E-99F5CD938E97}.Release|Any CPU.ActiveCfg = Release|x64
		{8D02E54F-052A-4091-8C7E-99F5CD938E97}.Release|Any CPU.Build.0 = Release|x64
		{8D02E54F-052A-4091-8C7E-99F5CD938E97}.Release|x64.ActiveCfg = Release|x64
		{8D02E54F-052A-4091-8C7E-99F5CD938E97}.Release|x64.Build.0 = Release|x64
		{8BB9EA75-759F-DC41-8993-F0192FB1926C}.Debug|Any CPU.ActiveCfg = Debug|Any CPU
		{8BB9EA75-759F-DC41-8993-F0192FB1926C}.Debug|Any CPU.Build.0 = Debug|Any CPU
		{8BB9EA75-759F-DC41-8993-F0192FB1926C}.Debug|x64.ActiveCfg = Debug|Any CPU
		{8BB9EA75-759F-DC41-8993-F0192FB1926C}.Debug|x64.Build.0 = Debug|Any CPU
		{8BB9EA75-759F-DC41-8993-F0192FB1926C}.Release|Any CPU.ActiveCfg = Release|Any CPU
		{8BB9EA75-759F-DC41-8993-F0192FB1926C}.Release|Any CPU.Build.0 = Release|Any CPU
		{8BB9EA75-759F-DC41-8993-F0192FB1926C}.Release|x64.ActiveCfg = Release|Any CPU
		{8BB9EA75-759F-DC41-8993-F0192FB1926C}.Release|x64.Build.0 = Release|Any CPU
		{3A8C320D-0941-A0E2-7635-8E6FF9F574CD}.Debug|Any CPU.ActiveCfg = Debug|Any CPU
		{3A8C320D-0941-A0E2-7635-8E6FF9F574CD}.Debug|Any CPU.Build.0 = Debug|Any CPU
		{3A8C320D-0941-A0E2-7635-8E6FF9F574CD}.Debug|x64.ActiveCfg = Debug|Any CPU
		{3A8C320D-0941-A0E2-7635-8E6FF9F574CD}.Debug|x64.Build.0 = Debug|Any CPU
		{3A8C320D-0941-A0E2-7635-8E6FF9F574CD}.Release|Any CPU.ActiveCfg = Release|Any CPU
		{3A8C320D-0941-A0E2-7635-8E6FF9F574CD}.Release|Any CPU.Build.0 = Release|Any CPU
		{3A8C320D-0941-A0E2-7635-8E6FF9F574CD}.Release|x64.ActiveCfg = Release|Any CPU
		{3A8C320D-0941-A0E2-7635-8E6FF9F574CD}.Release|x64.Build.0 = Release|Any CPU
	EndGlobalSection
	GlobalSection(SolutionProperties) = preSolution
		HideSolutionNode = FALSE
	EndGlobalSection
	GlobalSection(ExtensibilityGlobals) = postSolution
		SolutionGuid = {1B777500-1482-48FD-9775-C1B9C23BF1F6}
	EndGlobalSection
	GlobalSection(Performance) = preSolution
		HasPerformanceSessions = true
	EndGlobalSection
EndGlobal

