<?xml version="1.0" encoding="utf-8"?>
<Project ToolsVersion="4.0" xmlns="http://schemas.microsoft.com/developer/msbuild/2003">
  <ItemGroup>
    <Filter Include="Source Files">
      <UniqueIdentifier>{4FC737F1-C7A5-4376-A066-2A32D752A2FF}</UniqueIdentifier>
      <Extensions>cpp;c;cc;cxx;def;odl;idl;hpj;bat;asm;asmx</Extensions>
    </Filter>
    <Filter Include="Header Files">
      <UniqueIdentifier>{93995380-89BD-4b04-88EB-625FBE52EBFB}</UniqueIdentifier>
      <Extensions>h;hh;hpp;hxx;hm;inl;inc;xsd</Extensions>
    </Filter>
    <Filter Include="Resource Files">
      <UniqueIdentifier>{67DA6AB6-F800-4c08-8B7A-83BB121AAD01}</UniqueIdentifier>
      <Extensions>rc;ico;cur;bmp;dlg;rc2;rct;bin;rgs;gif;jpg;jpeg;jpe;resx;tiff;tif;png;wav;mfcribbon-ms</Extensions>
    </Filter>
    <Filter Include="Documentation">
      <UniqueIdentifier>{A1B2C3D4-E5F6-7890-ABCD-EF1234567890}</UniqueIdentifier>
    </Filter>
    <Filter Include="Imgui">
      <UniqueIdentifier>{72986ac9-8bcb-4cb0-84c0-a4834367ddd4}</UniqueIdentifier>
    </Filter>
    <Filter Include="SDL">
      <UniqueIdentifier>{2f8b6ea4-507b-47b8-921f-c1cb12b2e9b5}</UniqueIdentifier>
    </Filter>
    <Filter Include="OpenGL">
      <UniqueIdentifier>{fbdf43af-8de0-4732-b606-a486c325581f}</UniqueIdentifier>
    </Filter>
    <Filter Include="litehtml">
      <UniqueIdentifier>{beb1c75c-e8a9-4be2-94bf-887cdd40f0cd}</UniqueIdentifier>
    </Filter>
    <Filter Include="LuaToml">
      <UniqueIdentifier>{0332c62a-76cf-4f2e-ab40-b3949fd2e7c7}</UniqueIdentifier>
    </Filter>
  </ItemGroup>
  <ItemGroup>
    <ClCompile Include="Program.cpp">
      <Filter>Source Files</Filter>
    </ClCompile>
    <ClCompile Include="Session.cpp">
      <Filter>Source Files</Filter>
    </ClCompile>
    <ClCompile Include="Imgui\imgui_demo.cpp">
      <Filter>Imgui</Filter>
    </ClCompile>
    <ClCompile Include="Imgui\imgui_draw.cpp">
      <Filter>Imgui</Filter>
    </ClCompile>
    <ClCompile Include="Imgui\imgui_impl_opengl3.cpp">
      <Filter>Imgui</Filter>
    </ClCompile>
    <ClCompile Include="Imgui\imgui_impl_sdl2.cpp">
      <Filter>Imgui</Filter>
    </ClCompile>
    <ClCompile Include="Imgui\imgui_tables.cpp">
      <Filter>Imgui</Filter>
    </ClCompile>
    <ClCompile Include="Imgui\imgui_widgets.cpp">
      <Filter>Imgui</Filter>
    </ClCompile>
    <ClCompile Include="ImguiEnums.cpp">
      <Filter>Imgui</Filter>
    </ClCompile>
    <ClCompile Include="ImguiEnums_generated.cpp">
      <Filter>Imgui</Filter>
    </ClCompile>
    <ClCompile Include="ImguiRenderer.cpp">
      <Filter>Imgui</Filter>
    </ClCompile>
    <ClCompile Include="ImguiRenderer_generated.cpp">
      <Filter>Imgui</Filter>
    </ClCompile>
    <ClCompile Include="Imgui\imgui.cpp">
      <Filter>Imgui</Filter>
    </ClCompile>
    <ClCompile Include="Win32Console.cpp">
      <Filter>Source Files</Filter>
    </ClCompile>
    <ClCompile Include="SDLWindow.cpp">
      <Filter>SDL</Filter>
    </ClCompile>
    <ClCompile Include="SDLInput.cpp">
      <Filter>SDL</Filter>
    </ClCompile>
    <ClCompile Include="ImguiMarkdown.cpp">
      <Filter>Imgui</Filter>
    </ClCompile>
    <ClCompile Include="ImguiSession.cpp">
      <Filter>Imgui</Filter>
    </ClCompile>
    <ClCompile Include="RenderLoop.cpp">
      <Filter>Source Files</Filter>
    </ClCompile>
    <ClCompile Include="ResourceCache.cpp">
      <Filter>Source Files</Filter>
    </ClCompile>
    <ClCompile Include="SDLAudio.cpp">
      <Filter>SDL</Filter>
    </ClCompile>
    <ClCompile Include="OpenGL.cpp">
      <Filter>OpenGL</Filter>
    </ClCompile>
    <ClCompile Include="Font.cpp">
      <Filter>Source Files</Filter>
    </ClCompile>
    <ClCompile Include="ImguiHtml.cpp">
      <Filter>Source Files</Filter>
    </ClCompile>
    <ClCompile Include="litehtml\src\gumbo\attribute.c">
      <Filter>litehtml</Filter>
    </ClCompile>
    <ClCompile Include="litehtml\src\background.cpp">
      <Filter>litehtml</Filter>
    </ClCompile>
    <ClCompile Include="litehtml\src\gumbo\char_ref.c">
      <Filter>litehtml</Filter>
    </ClCompile>
    <ClCompile Include="litehtml\src\codepoint.cpp">
      <Filter>litehtml</Filter>
    </ClCompile>
    <ClCompile Include="litehtml\src\css_borders.cpp">
      <Filter>litehtml</Filter>
    </ClCompile>
    <ClCompile Include="litehtml\src\css_length.cpp">
      <Filter>litehtml</Filter>
    </ClCompile>
    <ClCompile Include="litehtml\src\css_parser.cpp">
      <Filter>litehtml</Filter>
    </ClCompile>
    <ClCompile Include="litehtml\src\css_properties.cpp">
      <Filter>litehtml</Filter>
    </ClCompile>
    <ClCompile Include="litehtml\src\css_selector.cpp">
      <Filter>litehtml</Filter>
    </ClCompile>
    <ClCompile Include="litehtml\src\css_tokenizer.cpp">
      <Filter>litehtml</Filter>
    </ClCompile>
    <ClCompile Include="litehtml\src\document.cpp">
      <Filter>litehtml</Filter>
    </ClCompile>
    <ClCompile Include="litehtml\src\document_container.cpp">
      <Filter>litehtml</Filter>
    </ClCompile>
    <ClCompile Include="litehtml\src\el_anchor.cpp">
      <Filter>litehtml</Filter>
    </ClCompile>
    <ClCompile Include="litehtml\src\el_base.cpp">
      <Filter>litehtml</Filter>
    </ClCompile>
    <ClCompile Include="litehtml\src\el_before_after.cpp">
      <Filter>litehtml</Filter>
    </ClCompile>
    <ClCompile Include="litehtml\src\el_body.cpp">
      <Filter>litehtml</Filter>
    </ClCompile>
    <ClCompile Include="litehtml\src\el_break.cpp">
      <Filter>litehtml</Filter>
    </ClCompile>
    <ClCompile Include="litehtml\src\el_cdata.cpp">
      <Filter>litehtml</Filter>
    </ClCompile>
    <ClCompile Include="litehtml\src\el_comment.cpp">
      <Filter>litehtml</Filter>
    </ClCompile>
    <ClCompile Include="litehtml\src\el_div.cpp">
      <Filter>litehtml</Filter>
    </ClCompile>
    <ClCompile Include="litehtml\src\el_font.cpp">
      <Filter>litehtml</Filter>
    </ClCompile>
    <ClCompile Include="litehtml\src\el_image.cpp">
      <Filter>litehtml</Filter>
    </ClCompile>
    <ClCompile Include="litehtml\src\el_link.cpp">
      <Filter>litehtml</Filter>
    </ClCompile>
    <ClCompile Include="litehtml\src\el_para.cpp">
      <Filter>litehtml</Filter>
    </ClCompile>
    <ClCompile Include="litehtml\src\el_script.cpp">
      <Filter>litehtml</Filter>
    </ClCompile>
    <ClCompile Include="litehtml\src\el_space.cpp">
      <Filter>litehtml</Filter>
    </ClCompile>
    <ClCompile Include="litehtml\src\el_style.cpp">
      <Filter>litehtml</Filter>
    </ClCompile>
    <ClCompile Include="litehtml\src\el_table.cpp">
      <Filter>litehtml</Filter>
    </ClCompile>
    <ClCompile Include="litehtml\src\el_td.cpp">
      <Filter>litehtml</Filter>
    </ClCompile>
    <ClCompile Include="litehtml\src\el_text.cpp">
      <Filter>litehtml</Filter>
    </ClCompile>
    <ClCompile Include="litehtml\src\el_title.cpp">
      <Filter>litehtml</Filter>
    </ClCompile>
    <ClCompile Include="litehtml\src\el_tr.cpp">
      <Filter>litehtml</Filter>
    </ClCompile>
    <ClCompile Include="litehtml\src\element.cpp">
      <Filter>litehtml</Filter>
    </ClCompile>
    <ClCompile Include="litehtml\src\encodings.cpp">
      <Filter>litehtml</Filter>
    </ClCompile>
    <ClCompile Include="litehtml\src\gumbo\error.c">
      <Filter>litehtml</Filter>
    </ClCompile>
    <ClCompile Include="litehtml\src\flex_item.cpp">
      <Filter>litehtml</Filter>
    </ClCompile>
    <ClCompile Include="litehtml\src\flex_line.cpp">
      <Filter>litehtml</Filter>
    </ClCompile>
    <ClCompile Include="litehtml\src\formatting_context.cpp">
      <Filter>litehtml</Filter>
    </ClCompile>
    <ClCompile Include="litehtml\src\gradient.cpp">
      <Filter>litehtml</Filter>
    </ClCompile>
    <ClCompile Include="litehtml\src\html.cpp">
      <Filter>litehtml</Filter>
    </ClCompile>
    <ClCompile Include="litehtml\src\html_microsyntaxes.cpp">
      <Filter>litehtml</Filter>
    </ClCompile>
    <ClCompile Include="litehtml\src\html_tag.cpp">
      <Filter>litehtml</Filter>
    </ClCompile>
    <ClCompile Include="litehtml\src\media_query.cpp">
      <Filter>litehtml</Filter>
    </ClCompile>
    <ClCompile Include="litehtml\src\num_cvt.cpp">
      <Filter>litehtml</Filter>
    </ClCompile>
    <ClCompile Include="litehtml\src\gumbo\parser.c">
      <Filter>litehtml</Filter>
    </ClCompile>
    <ClCompile Include="litehtml\src\render_block.cpp">
      <Filter>litehtml</Filter>
    </ClCompile>
    <ClCompile Include="litehtml\src\render_block_context.cpp">
      <Filter>litehtml</Filter>
    </ClCompile>
    <ClCompile Include="litehtml\src\render_flex.cpp">
      <Filter>litehtml</Filter>
    </ClCompile>
    <ClCompile Include="litehtml\src\render_image.cpp">
      <Filter>litehtml</Filter>
    </ClCompile>
    <ClCompile Include="litehtml\src\render_inline_context.cpp">
      <Filter>litehtml</Filter>
    </ClCompile>
    <ClCompile Include="litehtml\src\render_item.cpp">
      <Filter>litehtml</Filter>
    </ClCompile>
    <ClCompile Include="litehtml\src\render_table.cpp">
      <Filter>litehtml</Filter>
    </ClCompile>
    <ClCompile Include="litehtml\src\gumbo\string_buffer.c">
      <Filter>litehtml</Filter>
    </ClCompile>
    <ClCompile Include="litehtml\src\string_id.cpp">
      <Filter>litehtml</Filter>
    </ClCompile>
    <ClCompile Include="litehtml\src\gumbo\string_piece.c">
      <Filter>litehtml</Filter>
    </ClCompile>
    <ClCompile Include="litehtml\src\style.cpp">
      <Filter>litehtml</Filter>
    </ClCompile>
    <ClCompile Include="litehtml\src\stylesheet.cpp">
      <Filter>litehtml</Filter>
    </ClCompile>
    <ClCompile Include="litehtml\src\table.cpp">
      <Filter>litehtml</Filter>
    </ClCompile>
    <ClCompile Include="litehtml\src\gumbo\tag.c">
      <Filter>litehtml</Filter>
    </ClCompile>
    <ClCompile Include="litehtml\src\gumbo\tokenizer.c">
      <Filter>litehtml</Filter>
    </ClCompile>
    <ClCompile Include="litehtml\src\tstring_view.cpp">
      <Filter>litehtml</Filter>
    </ClCompile>
    <ClCompile Include="litehtml\src\url.cpp">
      <Filter>litehtml</Filter>
    </ClCompile>
    <ClCompile Include="litehtml\src\url_path.cpp">
      <Filter>litehtml</Filter>
    </ClCompile>
    <ClCompile Include="litehtml\src\gumbo\utf8.c">
      <Filter>litehtml</Filter>
    </ClCompile>
    <ClCompile Include="litehtml\src\utf8_strings.cpp">
      <Filter>litehtml</Filter>
    </ClCompile>
    <ClCompile Include="litehtml\src\gumbo\util.c">
      <Filter>litehtml</Filter>
    </ClCompile>
    <ClCompile Include="litehtml\src\gumbo\vector.c">
      <Filter>litehtml</Filter>
    </ClCompile>
    <ClCompile Include="litehtml\src\web_color.cpp">
      <Filter>litehtml</Filter>
    </ClCompile>
    <ClCompile Include="litehtml\src\iterators.cpp">
      <Filter>litehtml</Filter>
    </ClCompile>
    <ClCompile Include="litehtml\src\line_box.cpp">
      <Filter>litehtml</Filter>
    </ClCompile>
  </ItemGroup>
  <ItemGroup>
    <ClInclude Include="..\KitsuneEngine.h">
      <Filter>Header Files</Filter>
    </ClInclude>
    <ClInclude Include="resource.h">
      <Filter>Header Files</Filter>
    </ClInclude>
    <ClInclude Include="Session.h">
      <Filter>Header Files</Filter>
    </ClInclude>
    <ClInclude Include="ImguiSession.h">
      <Filter>Imgui</Filter>
    </ClInclude>
    <ClInclude Include="Imgui\imgui_impl_opengl3.h">
      <Filter>Imgui</Filter>
    </ClInclude>
    <ClInclude Include="Imgui\imgui_impl_sdl2.h">
      <Filter>Imgui</Filter>
    </ClInclude>
    <ClInclude Include="ImguiEnums.h">
      <Filter>Imgui</Filter>
    </ClInclude>
    <ClInclude Include="ImguiRenderer.h">
      <Filter>Imgui</Filter>
    </ClInclude>
    <ClInclude Include="Imgui\imgui.h">
      <Filter>Imgui</Filter>
    </ClInclude>
    <ClInclude Include="Imgui\dcimgui.h">
      <Filter>Imgui</Filter>
    </ClInclude>
    <ClInclude Include="stb_image.h">
      <Filter>Header Files</Filter>
    </ClInclude>
    <ClInclude Include="Win32Console.h">
      <Filter>Header Files</Filter>
    </ClInclude>
    <ClInclude Include="ImguiMarkdown.h">
      <Filter>Imgui</Filter>
    </ClInclude>
    <ClInclude Include="SDLInput.h">
      <Filter>SDL</Filter>
    </ClInclude>
    <ClInclude Include="SDLWindow.h">
      <Filter>SDL</Filter>
    </ClInclude>
    <ClInclude Include="RenderLoop.h">
      <Filter>Header Files</Filter>
    </ClInclude>
    <ClInclude Include="ResourceCache.h">
      <Filter>Header Files</Filter>
    </ClInclude>
    <ClInclude Include="SDLAudio.h">
      <Filter>SDL</Filter>
    </ClInclude>
    <ClInclude Include="OpenGL.h">
      <Filter>OpenGL</Filter>
    </ClInclude>
    <ClInclude Include="litehtml\include\litehtml.h">
      <Filter>Header Files</Filter>
    </ClInclude>
    <ClInclude Include="Font.h">
      <Filter>Header Files</Filter>
    </ClInclude>
    <ClInclude Include="ImguiHtml.h">
      <Filter>Header Files</Filter>
    </ClInclude>
  </ItemGroup>
  <ItemGroup>
    <ResourceCompile Include="Kitsune.rc">
      <Filter>Resource Files</Filter>
    </ResourceCompile>
  </ItemGroup>
  <ItemGroup>
    <Image Include="..\Lua\jiiiiiiiiitsu.ico">
      <Filter>Resource Files</Filter>
    </Image>
  </ItemGroup>
  <ItemGroup>
    <Manifest Include="kitsune.exe.manifest">
      <Filter>Resource Files</Filter>
    </Manifest>
  </ItemGroup>
  <ItemGroup>
    <None Include="..\.github\copilot-instructions.md">
      <Filter>Documentation</Filter>
    </None>
    <None Include="..\Extension functions.md">
      <Filter>Documentation</Filter>
    </None>
    <None Include="..\Lua\Makefile">
      <Filter>Documentation</Filter>
    </None>
    <None Include="docs\imgui-renderer-api.md">
      <Filter>Documentation</Filter>
    </None>
    <None Include="imgui_test.lua" />
    <None Include="docs\markdown-test.md" />
    <None Include="generate_imgui_bindings.py">
      <Filter>Documentation</Filter>
    </None>
    <None Include="..\kitsuneengine-lua-functions.md">
      <Filter>Documentation</Filter>
    </None>
    <None Include="docs\kitsune-exe.md" />
  </ItemGroup>
  <ItemGroup>
    <Text Include="main.lua" />
  </ItemGroup>
</Project>